
Microsoft Visual Studio Solution File, Format Version 12.00
# Visual Studio Version 17
VisualStudioVersion = 17.7.34221.43
MinimumVisualStudioVersion = 10.0.40219.1
Project("{FAE04EC0-301F-11D3-BF4B-00C04F79EFBC}") = "DeepDiveIntoOOPPart3", "DeepDiveIntoOOPPart3.csproj", "{00E4C9D3-5980-4BD7-A1EC-F5FDCD57C7EC}"
EndProject
Global
	GlobalSection(SolutionConfigurationPlatforms) = preSolution
		Debug|Any CPU = Debug|Any CPU
		Release|Any CPU = Release|Any CPU
	EndGlobalSection
	GlobalSection(ProjectConfigurationPlatforms) = postSolution
		{00E4C9D3-5980-4BD7-A1EC-F5FDCD57C7EC}.Debug|Any CPU.ActiveCfg = Debug|Any CPU
		{00E4C9D3-5980-4BD7-A1EC-F5FDCD57C7EC}.Debug|Any CPU.Build.0 = Debug|Any CPU
		{00E4C9D3-5980-4BD7-A1EC-F5FDCD57C7EC}.Release|Any CPU.ActiveCfg = Release|Any CPU
		{00E4C9D3-5980-4BD7-A1EC-F5FDCD57C7EC}.Release|Any CPU.Build.0 = Release|Any CPU
	EndGlobalSection
	GlobalSection(SolutionProperties) = preSolution
		HideSolutionNode = FALSE
	EndGlobalSection
	GlobalSection(ExtensibilityGlobals) = postSolution
		SolutionGuid = {66367AF2-BC1D-4100-B0C1-18EE93EBCA6B}
	EndGlobalSection
EndGlobal
